
Microsoft Visual Studio Solution File, Format Version 12.00
# Visual Studio Version 17
VisualStudioVersion = 17.8.34330.188
MinimumVisualStudioVersion = 10.0.40219.1
Project("{9A19103F-16F7-4668-BE54-9A1E7A4F7556}") = "BlazorBooks.Web", "BlazorBooks.Web\BlazorBooks.Web.csproj", "{92F028B5-9ABE-4E2D-A4A3-645338B4DF61}"
EndProject
Project("{9A19103F-16F7-4668-BE54-9A1E7A4F7556}") = "BlazorBooks.Api", "BlazorBooks.Api\BlazorBooks.Api.csproj", "{1C8F53C4-D7B5-4965-BF25-9C5746F9C5D5}"
EndProject
Project("{9A19103F-16F7-4668-BE54-9A1E7A4F7556}") = "BlazorBooks.Models", "BlazorBooks.Models\BlazorBooks.Models.csproj", "{F7E9155E-4591-47EE-B1D2-10BCE4FC7AFA}"
EndProject
Global
	GlobalSection(SolutionConfigurationPlatforms) = preSolution
		Debug|Any CPU = Debug|Any CPU
		Release|Any CPU = Release|Any CPU
	EndGlobalSection
	GlobalSection(ProjectConfigurationPlatforms) = postSolution
		{92F028B5-9ABE-4E2D-A4A3-645338B4DF61}.Debug|Any CPU.ActiveCfg = Debug|Any CPU
		{92F028B5-9ABE-4E2D-A4A3-645338B4DF61}.Debug|Any CPU.Build.0 = Debug|Any CPU
		{92F028B5-9ABE-4E2D-A4A3-645338B4DF61}.Release|Any CPU.ActiveCfg = Release|Any CPU
		{92F028B5-9ABE-4E2D-A4A3-645338B4DF61}.Release|Any CPU.Build.0 = Release|Any CPU
		{1C8F53C4-D7B5-4965-BF25-9C5746F9C5D5}.Debug|Any CPU.ActiveCfg = Debug|Any CPU
		{1C8F53C4-D7B5-4965-BF25-9C5746F9C5D5}.Debug|Any CPU.Build.0 = Debug|Any CPU
		{1C8F53C4-D7B5-4965-BF25-9C5746F9C5D5}.Release|Any CPU.ActiveCfg = Release|Any CPU
		{1C8F53C4-D7B5-4965-BF25-9C5746F9C5D5}.Release|Any CPU.Build.0 = Release|Any CPU
		{F7E9155E-4591-47EE-B1D2-10BCE4FC7AFA}.Debug|Any CPU.ActiveCfg = Debug|Any CPU
		{F7E9155E-4591-47EE-B1D2-10BCE4FC7AFA}.Debug|Any CPU.Build.0 = Debug|Any CPU
		{F7E9155E-4591-47EE-B1D2-10BCE4FC7AFA}.Release|Any CPU.ActiveCfg = Release|Any CPU
		{F7E9155E-4591-47EE-B1D2-10BCE4FC7AFA}.Release|Any CPU.Build.0 = Release|Any CPU
	EndGlobalSection
	GlobalSection(SolutionProperties) = preSolution
		HideSolutionNode = FALSE
	EndGlobalSection
	GlobalSection(ExtensibilityGlobals) = postSolution
		SolutionGuid = {2BD85F75-D576-414B-BD7E-A400A2D95B72}
	EndGlobalSection
EndGlobal
